{
  "version": 4,
  "terraform_version": "1.12.2",
  "serial": 141,
  "lineage": "fd330816-453c-3c32-be89-8b21ed0d3a79",
  "outputs": {
    "all_vm_ips": {
      "value": {
        "bastion-host": "192.168.122.201/24",
        "frontend-server-1": "192.168.122.203/24",
        "frontend-server-2": "192.168.122.204/24",
        "load-balancer": "192.168.122.202/24"
      },
      "type": [
        "object",
        {
          "bastion-host": "string",
          "frontend-server-1": "string",
          "frontend-server-2": "string",
          "load-balancer": "string"
        }
      ]
    },
    "deployment_status": {
      "value": {
        "step1_deployed": true,
        "step2_deployed": true,
        "step3_deployed": false,
        "step4_deployed": false,
        "step5_deployed": false
      },
      "type": [
        "object",
        {
          "step1_deployed": "bool",
          "step2_deployed": "bool",
          "step3_deployed": "bool",
          "step4_deployed": "bool",
          "step5_deployed": "bool"
        }
      ]
    }
  },
  "resources": [
    {
      "mode": "managed",
      "type": "proxmox_virtual_environment_vm",
      "name": "step1",
      "provider": "provider[\"registry.terraform.io/bpg/proxmox\"]",
      "instances": [
        {
          "index_key": "201",
          "schema_version": 0,
          "attributes": {
            "acpi": true,
            "agent": [
              {
                "enabled": true,
                "timeout": "15m",
                "trim": false,
                "type": "virtio"
              }
            ],
            "audio_device": [],
            "bios": "seabios",
            "boot_order": null,
            "cdrom": [],
            "clone": [
              {
                "datastore_id": "",
                "full": true,
                "node_name": "",
                "retries": 1,
                "vm_id": 9000
              }
            ],
            "cpu": [
              {
                "architecture": "x86_64",
                "cores": 2,
                "flags": [],
                "hotplugged": 0,
                "limit": 0,
                "numa": false,
                "sockets": 1,
                "type": "qemu64",
                "units": 1024
              }
            ],
            "description": null,
            "disk": [
              {
                "aio": "io_uring",
                "backup": true,
                "cache": "none",
                "datastore_id": "local-lvm",
                "discard": "ignore",
                "file_format": "raw",
                "file_id": "",
                "interface": "scsi0",
                "iothread": false,
                "path_in_datastore": "vm-201-disk-0",
                "replicate": true,
                "size": 20,
                "speed": [],
                "ssd": false
              }
            ],
            "efi_disk": [],
            "hook_script_file_id": null,
            "hostpci": [],
            "id": "201",
            "initialization": [
              {
                "datastore_id": "local-lvm",
                "dns": [],
                "interface": "ide2",
                "ip_config": [
                  {
                    "ipv4": [
                      {
                        "address": "192.168.122.201/24",
                        "gateway": "192.168.122.1"
                      }
                    ],
                    "ipv6": []
                  }
                ],
                "meta_data_file_id": "",
                "network_data_file_id": "",
                "type": "",
                "user_account": [
                  {
                    "keys": [
                      "ssh-rsa AAAAB3NzaC1yc2EAAAADAQABAAACAQCcvcpOY4B7sbqEU1WIyF9OH4CJSsYAeIM+ElKVCZ69THhnJZXs8cQ+T5mDjuLTaX4XCmqOwtZdRcHjq+OqM+Bjc+csX3M2cdzopkrTr4JlVewCo6s6DolfgJrUeJYrlbfQDL2DQHT+fXAeXrBnz13rVRQiZMQMsgouZpbTMCjEyo9hv9Q2mM26OSAw5Y27bYw1WA3NCuNLoQRdhEVZAy1GXAicUALDnssmzc86R/0eqKwctOv4bpOw48tkoM6ZdSSo1a+8c4M96hwbZY8uX3Vc2+DysK9cDAWvsTEoiwYSDlH/G9IUW5HmzNXqVh5hmaj4VxnfYrMwvXdBO3cejiznNE7PXZJrltVc8btOwmjeaQsdvLtrQue4r3TOHXBdbbPgvmpifwvMoQBny7Si/Lzvu6aTrAjeLYa4mAezUk7aY6ezU8M441vmP2sTM2gjdK6/1tXDoWbqfu6filwr8hdou5MI4uB5DFIb4kiwzN2dGNkH/0jhoCjZFUfeAYqs9UL60fYGQqQsmEzvOqDKRK2xEilr0aWRS4sl8gDalIL1TIgPrKevuK6tmTkjnwKsVaHTcLoLTNIjXmlSadpA3/Q3BcqO84ZfiT2j6nubdJZXunPglxNK4JyBaaH4e02G1JjMqOzT1RQlq9RE2CIHGb1h5x/BJwV61UIji9mPwijWDQ== nicoklaus@proxmox"
                    ],
                    "password": "**********",
                    "username": "ubuntu"
                  }
                ],
                "user_data_file_id": "",
                "vendor_data_file_id": ""
              }
            ],
            "ipv4_addresses": [],
            "ipv6_addresses": [],
            "keyboard_layout": "en-us",
            "kvm_arguments": null,
            "mac_addresses": [
              "BC:24:11:D8:CF:EA"
            ],
            "machine": null,
            "memory": [
              {
                "dedicated": 2048,
                "floating": 0,
                "shared": 0
              }
            ],
            "migrate": false,
            "name": "bastion-host",
            "network_device": [
              {
                "bridge": "vmbr0",
                "disconnected": false,
                "enabled": true,
                "firewall": false,
                "mac_address": "BC:24:11:D8:CF:EA",
                "model": "virtio",
                "mtu": 0,
                "queues": 0,
                "rate_limit": 0,
                "trunks": "",
                "vlan_id": 0
              }
            ],
            "network_interface_names": [],
            "node_name": "nico",
            "on_boot": true,
            "operating_system": [],
            "pool_id": null,
            "protection": false,
            "reboot": false,
            "scsi_hardware": "virtio-scsi-pci",
            "serial_device": [],
            "smbios": [],
            "started": false,
            "startup": [],
            "stop_on_destroy": false,
            "tablet_device": true,
            "tags": null,
            "template": false,
            "timeout_clone": 3600,
            "timeout_create": 3600,
            "timeout_migrate": 1800,
            "timeout_move_disk": 1800,
            "timeout_reboot": 1800,
            "timeout_shutdown_vm": 1800,
            "timeout_start_vm": 1800,
            "timeout_stop_vm": 300,
            "tpm_state": [],
            "usb": [],
            "vga": [
              {
                "enabled": true,
                "memory": 0,
                "type": "serial0"
              }
            ],
            "vm_id": 201
          },
          "sensitive_attributes": [
            [
              {
                "type": "get_attr",
                "value": "initialization"
              },
              {
                "type": "index",
                "value": {
                  "value": 0,
                  "type": "number"
                }
              },
              {
                "type": "get_attr",
                "value": "user_account"
              },
              {
                "type": "index",
                "value": {
                  "value": 0,
                  "type": "number"
                }
              },
              {
                "type": "get_attr",
                "value": "password"
              }
            ]
          ],
          "identity_schema_version": 0,
          "private": "bnVsbA=="
        },
        {
          "index_key": "202",
          "schema_version": 0,
          "attributes": {
            "acpi": true,
            "agent": [
              {
                "enabled": true,
                "timeout": "15m",
                "trim": false,
                "type": "virtio"
              }
            ],
            "audio_device": [],
            "bios": "seabios",
            "boot_order": null,
            "cdrom": [],
            "clone": [
              {
                "datastore_id": "",
                "full": true,
                "node_name": "",
                "retries": 1,
                "vm_id": 9000
              }
            ],
            "cpu": [
              {
                "architecture": "x86_64",
                "cores": 2,
                "flags": [],
                "hotplugged": 0,
                "limit": 0,
                "numa": false,
                "sockets": 1,
                "type": "qemu64",
                "units": 1024
              }
            ],
            "description": null,
            "disk": [
              {
                "aio": "io_uring",
                "backup": true,
                "cache": "none",
                "datastore_id": "local-lvm",
                "discard": "ignore",
                "file_format": "raw",
                "file_id": "",
                "interface": "scsi0",
                "iothread": false,
                "path_in_datastore": "vm-202-disk-0",
                "replicate": true,
                "size": 20,
                "speed": [],
                "ssd": false
              }
            ],
            "efi_disk": [],
            "hook_script_file_id": null,
            "hostpci": [],
            "id": "202",
            "initialization": [
              {
                "datastore_id": "local-lvm",
                "dns": [],
                "interface": "ide2",
                "ip_config": [
                  {
                    "ipv4": [
                      {
                        "address": "192.168.122.202/24",
                        "gateway": "192.168.122.1"
                      }
                    ],
                    "ipv6": []
                  }
                ],
                "meta_data_file_id": "",
                "network_data_file_id": "",
                "type": "",
                "user_account": [
                  {
                    "keys": [
                      "ssh-rsa AAAAB3NzaC1yc2EAAAADAQABAAACAQCcvcpOY4B7sbqEU1WIyF9OH4CJSsYAeIM+ElKVCZ69THhnJZXs8cQ+T5mDjuLTaX4XCmqOwtZdRcHjq+OqM+Bjc+csX3M2cdzopkrTr4JlVewCo6s6DolfgJrUeJYrlbfQDL2DQHT+fXAeXrBnz13rVRQiZMQMsgouZpbTMCjEyo9hv9Q2mM26OSAw5Y27bYw1WA3NCuNLoQRdhEVZAy1GXAicUALDnssmzc86R/0eqKwctOv4bpOw48tkoM6ZdSSo1a+8c4M96hwbZY8uX3Vc2+DysK9cDAWvsTEoiwYSDlH/G9IUW5HmzNXqVh5hmaj4VxnfYrMwvXdBO3cejiznNE7PXZJrltVc8btOwmjeaQsdvLtrQue4r3TOHXBdbbPgvmpifwvMoQBny7Si/Lzvu6aTrAjeLYa4mAezUk7aY6ezU8M441vmP2sTM2gjdK6/1tXDoWbqfu6filwr8hdou5MI4uB5DFIb4kiwzN2dGNkH/0jhoCjZFUfeAYqs9UL60fYGQqQsmEzvOqDKRK2xEilr0aWRS4sl8gDalIL1TIgPrKevuK6tmTkjnwKsVaHTcLoLTNIjXmlSadpA3/Q3BcqO84ZfiT2j6nubdJZXunPglxNK4JyBaaH4e02G1JjMqOzT1RQlq9RE2CIHGb1h5x/BJwV61UIji9mPwijWDQ== nicoklaus@proxmox"
                    ],
                    "password": "**********",
                    "username": "ubuntu"
                  }
                ],
                "user_data_file_id": "",
                "vendor_data_file_id": ""
              }
            ],
            "ipv4_addresses": [],
            "ipv6_addresses": [],
            "keyboard_layout": "en-us",
            "kvm_arguments": null,
            "mac_addresses": [
              "BC:24:11:E7:7C:C5"
            ],
            "machine": null,
            "memory": [
              {
                "dedicated": 2048,
                "floating": 0,
                "shared": 0
              }
            ],
            "migrate": false,
            "name": "load-balancer",
            "network_device": [
              {
                "bridge": "vmbr0",
                "disconnected": false,
                "enabled": true,
                "firewall": false,
                "mac_address": "BC:24:11:E7:7C:C5",
                "model": "virtio",
                "mtu": 0,
                "queues": 0,
                "rate_limit": 0,
                "trunks": "",
                "vlan_id": 0
              }
            ],
            "network_interface_names": [],
            "node_name": "nico",
            "on_boot": true,
            "operating_system": [],
            "pool_id": null,
            "protection": false,
            "reboot": false,
            "scsi_hardware": "virtio-scsi-pci",
            "serial_device": [],
            "smbios": [],
            "started": false,
            "startup": [],
            "stop_on_destroy": false,
            "tablet_device": true,
            "tags": null,
            "template": false,
            "timeout_clone": 3600,
            "timeout_create": 3600,
            "timeout_migrate": 1800,
            "timeout_move_disk": 1800,
            "timeout_reboot": 1800,
            "timeout_shutdown_vm": 1800,
            "timeout_start_vm": 1800,
            "timeout_stop_vm": 300,
            "tpm_state": [],
            "usb": [],
            "vga": [
              {
                "enabled": true,
                "memory": 0,
                "type": "serial0"
              }
            ],
            "vm_id": 202
          },
          "sensitive_attributes": [
            [
              {
                "type": "get_attr",
                "value": "initialization"
              },
              {
                "type": "index",
                "value": {
                  "value": 0,
                  "type": "number"
                }
              },
              {
                "type": "get_attr",
                "value": "user_account"
              },
              {
                "type": "index",
                "value": {
                  "value": 0,
                  "type": "number"
                }
              },
              {
                "type": "get_attr",
                "value": "password"
              }
            ]
          ],
          "identity_schema_version": 0,
          "private": "bnVsbA=="
        }
      ]
    },
    {
      "mode": "managed",
      "type": "proxmox_virtual_environment_vm",
      "name": "step2",
      "provider": "provider[\"registry.terraform.io/bpg/proxmox\"]",
      "instances": [
        {
          "index_key": "203",
          "schema_version": 0,
          "attributes": {
            "acpi": true,
            "agent": [
              {
                "enabled": true,
                "timeout": "15m",
                "trim": false,
                "type": "virtio"
              }
            ],
            "audio_device": [],
            "bios": "seabios",
            "boot_order": null,
            "cdrom": [],
            "clone": [
              {
                "datastore_id": "",
                "full": true,
                "node_name": "",
                "retries": 1,
                "vm_id": 9000
              }
            ],
            "cpu": [
              {
                "architecture": "x86_64",
                "cores": 2,
                "flags": [],
                "hotplugged": 0,
                "limit": 0,
                "numa": false,
                "sockets": 1,
                "type": "qemu64",
                "units": 1024
              }
            ],
            "description": null,
            "disk": [
              {
                "aio": "io_uring",
                "backup": true,
                "cache": "none",
                "datastore_id": "local-lvm",
                "discard": "ignore",
                "file_format": "raw",
                "file_id": "",
                "interface": "scsi0",
                "iothread": false,
                "path_in_datastore": "vm-203-disk-0",
                "replicate": true,
                "size": 20,
                "speed": [],
                "ssd": false
              }
            ],
            "efi_disk": [],
            "hook_script_file_id": null,
            "hostpci": [],
            "id": "203",
            "initialization": [
              {
                "datastore_id": "local-lvm",
                "dns": [],
                "interface": "ide2",
                "ip_config": [
                  {
                    "ipv4": [
                      {
                        "address": "192.168.122.203/24",
                        "gateway": "192.168.122.1"
                      }
                    ],
                    "ipv6": []
                  }
                ],
                "meta_data_file_id": "",
                "network_data_file_id": "",
                "type": "",
                "user_account": [
                  {
                    "keys": [
                      "ssh-rsa AAAAB3NzaC1yc2EAAAADAQABAAACAQCcvcpOY4B7sbqEU1WIyF9OH4CJSsYAeIM+ElKVCZ69THhnJZXs8cQ+T5mDjuLTaX4XCmqOwtZdRcHjq+OqM+Bjc+csX3M2cdzopkrTr4JlVewCo6s6DolfgJrUeJYrlbfQDL2DQHT+fXAeXrBnz13rVRQiZMQMsgouZpbTMCjEyo9hv9Q2mM26OSAw5Y27bYw1WA3NCuNLoQRdhEVZAy1GXAicUALDnssmzc86R/0eqKwctOv4bpOw48tkoM6ZdSSo1a+8c4M96hwbZY8uX3Vc2+DysK9cDAWvsTEoiwYSDlH/G9IUW5HmzNXqVh5hmaj4VxnfYrMwvXdBO3cejiznNE7PXZJrltVc8btOwmjeaQsdvLtrQue4r3TOHXBdbbPgvmpifwvMoQBny7Si/Lzvu6aTrAjeLYa4mAezUk7aY6ezU8M441vmP2sTM2gjdK6/1tXDoWbqfu6filwr8hdou5MI4uB5DFIb4kiwzN2dGNkH/0jhoCjZFUfeAYqs9UL60fYGQqQsmEzvOqDKRK2xEilr0aWRS4sl8gDalIL1TIgPrKevuK6tmTkjnwKsVaHTcLoLTNIjXmlSadpA3/Q3BcqO84ZfiT2j6nubdJZXunPglxNK4JyBaaH4e02G1JjMqOzT1RQlq9RE2CIHGb1h5x/BJwV61UIji9mPwijWDQ== nicoklaus@proxmox"
                    ],
                    "password": "**********",
                    "username": "ubuntu"
                  }
                ],
                "user_data_file_id": "",
                "vendor_data_file_id": ""
              }
            ],
            "ipv4_addresses": [],
            "ipv6_addresses": [],
            "keyboard_layout": "en-us",
            "kvm_arguments": null,
            "mac_addresses": [
              "BC:24:11:36:78:FE"
            ],
            "machine": null,
            "memory": [
              {
                "dedicated": 2048,
                "floating": 0,
                "shared": 0
              }
            ],
            "migrate": false,
            "name": "frontend-server-1",
            "network_device": [
              {
                "bridge": "vmbr0",
                "disconnected": false,
                "enabled": true,
                "firewall": false,
                "mac_address": "BC:24:11:36:78:FE",
                "model": "virtio",
                "mtu": 0,
                "queues": 0,
                "rate_limit": 0,
                "trunks": "",
                "vlan_id": 0
              }
            ],
            "network_interface_names": [],
            "node_name": "nico",
            "on_boot": true,
            "operating_system": [],
            "pool_id": null,
            "protection": false,
            "reboot": false,
            "scsi_hardware": "virtio-scsi-pci",
            "serial_device": [],
            "smbios": [],
            "started": false,
            "startup": [],
            "stop_on_destroy": false,
            "tablet_device": true,
            "tags": null,
            "template": false,
            "timeout_clone": 3600,
            "timeout_create": 3600,
            "timeout_migrate": 1800,
            "timeout_move_disk": 1800,
            "timeout_reboot": 1800,
            "timeout_shutdown_vm": 1800,
            "timeout_start_vm": 1800,
            "timeout_stop_vm": 300,
            "tpm_state": [],
            "usb": [],
            "vga": [
              {
                "enabled": true,
                "memory": 0,
                "type": "serial0"
              }
            ],
            "vm_id": 203
          },
          "sensitive_attributes": [
            [
              {
                "type": "get_attr",
                "value": "initialization"
              },
              {
                "type": "index",
                "value": {
                  "value": 0,
                  "type": "number"
                }
              },
              {
                "type": "get_attr",
                "value": "user_account"
              },
              {
                "type": "index",
                "value": {
                  "value": 0,
                  "type": "number"
                }
              },
              {
                "type": "get_attr",
                "value": "password"
              }
            ]
          ],
          "identity_schema_version": 0,
          "private": "bnVsbA=="
        },
        {
          "index_key": "204",
          "schema_version": 0,
          "attributes": {
            "acpi": true,
            "agent": [
              {
                "enabled": true,
                "timeout": "15m",
                "trim": false,
                "type": "virtio"
              }
            ],
            "audio_device": [],
            "bios": "seabios",
            "boot_order": null,
            "cdrom": [],
            "clone": [
              {
                "datastore_id": "",
                "full": true,
                "node_name": "",
                "retries": 1,
                "vm_id": 9000
              }
            ],
            "cpu": [
              {
                "architecture": "x86_64",
                "cores": 2,
                "flags": [],
                "hotplugged": 0,
                "limit": 0,
                "numa": false,
                "sockets": 1,
                "type": "qemu64",
                "units": 1024
              }
            ],
            "description": null,
            "disk": [
              {
                "aio": "io_uring",
                "backup": true,
                "cache": "none",
                "datastore_id": "local-lvm",
                "discard": "ignore",
                "file_format": "raw",
                "file_id": "",
                "interface": "scsi0",
                "iothread": false,
                "path_in_datastore": "vm-204-disk-0",
                "replicate": true,
                "size": 20,
                "speed": [],
                "ssd": false
              }
            ],
            "efi_disk": [],
            "hook_script_file_id": null,
            "hostpci": [],
            "id": "204",
            "initialization": [
              {
                "datastore_id": "local-lvm",
                "dns": [],
                "interface": "ide2",
                "ip_config": [
                  {
                    "ipv4": [
                      {
                        "address": "192.168.122.204/24",
                        "gateway": "192.168.122.1"
                      }
                    ],
                    "ipv6": []
                  }
                ],
                "meta_data_file_id": "",
                "network_data_file_id": "",
                "type": "",
                "user_account": [
                  {
                    "keys": [
                      "ssh-rsa AAAAB3NzaC1yc2EAAAADAQABAAACAQCcvcpOY4B7sbqEU1WIyF9OH4CJSsYAeIM+ElKVCZ69THhnJZXs8cQ+T5mDjuLTaX4XCmqOwtZdRcHjq+OqM+Bjc+csX3M2cdzopkrTr4JlVewCo6s6DolfgJrUeJYrlbfQDL2DQHT+fXAeXrBnz13rVRQiZMQMsgouZpbTMCjEyo9hv9Q2mM26OSAw5Y27bYw1WA3NCuNLoQRdhEVZAy1GXAicUALDnssmzc86R/0eqKwctOv4bpOw48tkoM6ZdSSo1a+8c4M96hwbZY8uX3Vc2+DysK9cDAWvsTEoiwYSDlH/G9IUW5HmzNXqVh5hmaj4VxnfYrMwvXdBO3cejiznNE7PXZJrltVc8btOwmjeaQsdvLtrQue4r3TOHXBdbbPgvmpifwvMoQBny7Si/Lzvu6aTrAjeLYa4mAezUk7aY6ezU8M441vmP2sTM2gjdK6/1tXDoWbqfu6filwr8hdou5MI4uB5DFIb4kiwzN2dGNkH/0jhoCjZFUfeAYqs9UL60fYGQqQsmEzvOqDKRK2xEilr0aWRS4sl8gDalIL1TIgPrKevuK6tmTkjnwKsVaHTcLoLTNIjXmlSadpA3/Q3BcqO84ZfiT2j6nubdJZXunPglxNK4JyBaaH4e02G1JjMqOzT1RQlq9RE2CIHGb1h5x/BJwV61UIji9mPwijWDQ== nicoklaus@proxmox"
                    ],
                    "password": "**********",
                    "username": "ubuntu"
                  }
                ],
                "user_data_file_id": "",
                "vendor_data_file_id": ""
              }
            ],
            "ipv4_addresses": [],
            "ipv6_addresses": [],
            "keyboard_layout": "en-us",
            "kvm_arguments": null,
            "mac_addresses": [
              "BC:24:11:C8:2C:DE"
            ],
            "machine": null,
            "memory": [
              {
                "dedicated": 2048,
                "floating": 0,
                "shared": 0
              }
            ],
            "migrate": false,
            "name": "frontend-server-2",
            "network_device": [
              {
                "bridge": "vmbr0",
                "disconnected": false,
                "enabled": true,
                "firewall": false,
                "mac_address": "BC:24:11:C8:2C:DE",
                "model": "virtio",
                "mtu": 0,
                "queues": 0,
                "rate_limit": 0,
                "trunks": "",
                "vlan_id": 0
              }
            ],
            "network_interface_names": [],
            "node_name": "nico",
            "on_boot": true,
            "operating_system": [],
            "pool_id": null,
            "protection": false,
            "reboot": false,
            "scsi_hardware": "virtio-scsi-pci",
            "serial_device": [],
            "smbios": [],
            "started": false,
            "startup": [],
            "stop_on_destroy": false,
            "tablet_device": true,
            "tags": null,
            "template": false,
            "timeout_clone": 3600,
            "timeout_create": 3600,
            "timeout_migrate": 1800,
            "timeout_move_disk": 1800,
            "timeout_reboot": 1800,
            "timeout_shutdown_vm": 1800,
            "timeout_start_vm": 1800,
            "timeout_stop_vm": 300,
            "tpm_state": [],
            "usb": [],
            "vga": [
              {
                "enabled": true,
                "memory": 0,
                "type": "serial0"
              }
            ],
            "vm_id": 204
          },
          "sensitive_attributes": [
            [
              {
                "type": "get_attr",
                "value": "initialization"
              },
              {
                "type": "index",
                "value": {
                  "value": 0,
                  "type": "number"
                }
              },
              {
                "type": "get_attr",
                "value": "user_account"
              },
              {
                "type": "index",
                "value": {
                  "value": 0,
                  "type": "number"
                }
              },
              {
                "type": "get_attr",
                "value": "password"
              }
            ]
          ],
          "identity_schema_version": 0,
          "private": "bnVsbA=="
        }
      ]
    },
    {
      "mode": "managed",
      "type": "proxmox_virtual_environment_vm",
      "name": "step3",
      "provider": "provider[\"registry.terraform.io/bpg/proxmox\"]",
      "instances": [
        {
          "index_key": "205",
          "schema_version": 0,
          "attributes": {
            "acpi": true,
            "agent": [
              {
                "enabled": true,
                "timeout": "15m",
                "trim": false,
                "type": "virtio"
              }
            ],
            "audio_device": [],
            "bios": "seabios",
            "boot_order": null,
            "cdrom": [],
            "clone": [
              {
                "datastore_id": "",
                "full": true,
                "node_name": "",
                "retries": 1,
                "vm_id": 9000
              }
            ],
            "cpu": [
              {
                "architecture": "x86_64",
                "cores": 2,
                "flags": null,
                "hotplugged": 0,
                "limit": 0,
                "numa": false,
                "sockets": 1,
                "type": "qemu64",
                "units": 1024
              }
            ],
            "description": null,
            "disk": [
              {
                "aio": "io_uring",
                "backup": true,
                "cache": "none",
                "datastore_id": "local-lvm",
                "discard": "ignore",
                "file_format": "raw",
                "file_id": "",
                "interface": "scsi0",
                "iothread": false,
                "path_in_datastore": "vm-205-disk-0",
                "replicate": true,
                "size": 20,
                "speed": [],
                "ssd": false
              }
            ],
            "efi_disk": [],
            "hook_script_file_id": null,
            "hostpci": [],
            "id": "205",
            "initialization": [
              {
                "datastore_id": "local-lvm",
                "dns": [],
                "interface": "ide2",
                "ip_config": [
                  {
                    "ipv4": [
                      {
                        "address": "192.168.122.205/24",
                        "gateway": "192.168.122.1"
                      }
                    ],
                    "ipv6": []
                  }
                ],
                "meta_data_file_id": "",
                "network_data_file_id": "",
                "type": "",
                "user_account": [
                  {
                    "keys": [
                      "ssh-rsa AAAAB3NzaC1yc2EAAAADAQABAAACAQCcvcpOY4B7sbqEU1WIyF9OH4CJSsYAeIM+ElKVCZ69THhnJZXs8cQ+T5mDjuLTaX4XCmqOwtZdRcHjq+OqM+Bjc+csX3M2cdzopkrTr4JlVewCo6s6DolfgJrUeJYrlbfQDL2DQHT+fXAeXrBnz13rVRQiZMQMsgouZpbTMCjEyo9hv9Q2mM26OSAw5Y27bYw1WA3NCuNLoQRdhEVZAy1GXAicUALDnssmzc86R/0eqKwctOv4bpOw48tkoM6ZdSSo1a+8c4M96hwbZY8uX3Vc2+DysK9cDAWvsTEoiwYSDlH/G9IUW5HmzNXqVh5hmaj4VxnfYrMwvXdBO3cejiznNE7PXZJrltVc8btOwmjeaQsdvLtrQue4r3TOHXBdbbPgvmpifwvMoQBny7Si/Lzvu6aTrAjeLYa4mAezUk7aY6ezU8M441vmP2sTM2gjdK6/1tXDoWbqfu6filwr8hdou5MI4uB5DFIb4kiwzN2dGNkH/0jhoCjZFUfeAYqs9UL60fYGQqQsmEzvOqDKRK2xEilr0aWRS4sl8gDalIL1TIgPrKevuK6tmTkjnwKsVaHTcLoLTNIjXmlSadpA3/Q3BcqO84ZfiT2j6nubdJZXunPglxNK4JyBaaH4e02G1JjMqOzT1RQlq9RE2CIHGb1h5x/BJwV61UIji9mPwijWDQ== nicoklaus@proxmox"
                    ],
                    "password": "**********",
                    "username": "ubuntu"
                  }
                ],
                "user_data_file_id": "",
                "vendor_data_file_id": ""
              }
            ],
            "ipv4_addresses": [],
            "ipv6_addresses": [],
            "keyboard_layout": "en-us",
            "kvm_arguments": null,
            "mac_addresses": [],
            "machine": null,
            "memory": [
              {
                "dedicated": 2048,
                "floating": 0,
                "shared": 0
              }
            ],
            "migrate": false,
            "name": "backend-server-1",
            "network_device": [
              {
                "bridge": "vmbr0",
                "disconnected": false,
                "enabled": true,
                "firewall": false,
                "mac_address": "BC:24:11:57:ED:10",
                "model": "virtio",
                "mtu": 0,
                "queues": 0,
                "rate_limit": 0,
                "trunks": "",
                "vlan_id": 0
              }
            ],
            "network_interface_names": [],
            "node_name": "nico",
            "on_boot": true,
            "operating_system": [],
            "pool_id": null,
            "protection": false,
            "reboot": false,
            "scsi_hardware": "virtio-scsi-pci",
            "serial_device": [],
            "smbios": [],
            "started": true,
            "startup": [],
            "stop_on_destroy": false,
            "tablet_device": true,
            "tags": null,
            "template": false,
            "timeout_clone": 3600,
            "timeout_create": 3600,
            "timeout_migrate": 1800,
            "timeout_move_disk": 1800,
            "timeout_reboot": 1800,
            "timeout_shutdown_vm": 1800,
            "timeout_start_vm": 1800,
            "timeout_stop_vm": 300,
            "tpm_state": [],
            "usb": [],
            "vga": [
              {
                "enabled": true,
                "memory": 0,
                "type": "serial0"
              }
            ],
            "vm_id": 205
          },
          "sensitive_attributes": [
            [
              {
                "type": "get_attr",
                "value": "initialization"
              },
              {
                "type": "index",
                "value": {
                  "value": 0,
                  "type": "number"
                }
              },
              {
                "type": "get_attr",
                "value": "user_account"
              },
              {
                "type": "index",
                "value": {
                  "value": 0,
                  "type": "number"
                }
              },
              {
                "type": "get_attr",
                "value": "password"
              }
            ]
          ],
          "identity_schema_version": 0,
          "private": "bnVsbA=="
        },
        {
          "index_key": "206",
          "schema_version": 0,
          "attributes": {
            "acpi": true,
            "agent": [
              {
                "enabled": true,
                "timeout": "15m",
                "trim": false,
                "type": "virtio"
              }
            ],
            "audio_device": [],
            "bios": "seabios",
            "boot_order": null,
            "cdrom": [],
            "clone": [
              {
                "datastore_id": "",
                "full": true,
                "node_name": "",
                "retries": 1,
                "vm_id": 9000
              }
            ],
            "cpu": [
              {
                "architecture": "x86_64",
                "cores": 2,
                "flags": null,
                "hotplugged": 0,
                "limit": 0,
                "numa": false,
                "sockets": 1,
                "type": "qemu64",
                "units": 1024
              }
            ],
            "description": null,
            "disk": [
              {
                "aio": "io_uring",
                "backup": true,
                "cache": "none",
                "datastore_id": "local-lvm",
                "discard": "ignore",
                "file_format": "raw",
                "file_id": "",
                "interface": "scsi0",
                "iothread": false,
                "path_in_datastore": "vm-206-disk-0",
                "replicate": true,
                "size": 20,
                "speed": [],
                "ssd": false
              }
            ],
            "efi_disk": [],
            "hook_script_file_id": null,
            "hostpci": [],
            "id": "206",
            "initialization": [
              {
                "datastore_id": "local-lvm",
                "dns": [],
                "interface": "ide2",
                "ip_config": [
                  {
                    "ipv4": [
                      {
                        "address": "192.168.122.206/24",
                        "gateway": "192.168.122.1"
                      }
                    ],
                    "ipv6": []
                  }
                ],
                "meta_data_file_id": "",
                "network_data_file_id": "",
                "type": "",
                "user_account": [
                  {
                    "keys": [
                      "ssh-rsa AAAAB3NzaC1yc2EAAAADAQABAAACAQCcvcpOY4B7sbqEU1WIyF9OH4CJSsYAeIM+ElKVCZ69THhnJZXs8cQ+T5mDjuLTaX4XCmqOwtZdRcHjq+OqM+Bjc+csX3M2cdzopkrTr4JlVewCo6s6DolfgJrUeJYrlbfQDL2DQHT+fXAeXrBnz13rVRQiZMQMsgouZpbTMCjEyo9hv9Q2mM26OSAw5Y27bYw1WA3NCuNLoQRdhEVZAy1GXAicUALDnssmzc86R/0eqKwctOv4bpOw48tkoM6ZdSSo1a+8c4M96hwbZY8uX3Vc2+DysK9cDAWvsTEoiwYSDlH/G9IUW5HmzNXqVh5hmaj4VxnfYrMwvXdBO3cejiznNE7PXZJrltVc8btOwmjeaQsdvLtrQue4r3TOHXBdbbPgvmpifwvMoQBny7Si/Lzvu6aTrAjeLYa4mAezUk7aY6ezU8M441vmP2sTM2gjdK6/1tXDoWbqfu6filwr8hdou5MI4uB5DFIb4kiwzN2dGNkH/0jhoCjZFUfeAYqs9UL60fYGQqQsmEzvOqDKRK2xEilr0aWRS4sl8gDalIL1TIgPrKevuK6tmTkjnwKsVaHTcLoLTNIjXmlSadpA3/Q3BcqO84ZfiT2j6nubdJZXunPglxNK4JyBaaH4e02G1JjMqOzT1RQlq9RE2CIHGb1h5x/BJwV61UIji9mPwijWDQ== nicoklaus@proxmox"
                    ],
                    "password": "**********",
                    "username": "ubuntu"
                  }
                ],
                "user_data_file_id": "",
                "vendor_data_file_id": ""
              }
            ],
            "ipv4_addresses": [],
            "ipv6_addresses": [],
            "keyboard_layout": "en-us",
            "kvm_arguments": null,
            "mac_addresses": [],
            "machine": null,
            "memory": [
              {
                "dedicated": 2048,
                "floating": 0,
                "shared": 0
              }
            ],
            "migrate": false,
            "name": "backend-server-2",
            "network_device": [
              {
                "bridge": "vmbr0",
                "disconnected": false,
                "enabled": true,
                "firewall": false,
                "mac_address": "BC:24:11:91:01:58",
                "model": "virtio",
                "mtu": 0,
                "queues": 0,
                "rate_limit": 0,
                "trunks": "",
                "vlan_id": 0
              }
            ],
            "network_interface_names": [],
            "node_name": "nico",
            "on_boot": true,
            "operating_system": [],
            "pool_id": null,
            "protection": false,
            "reboot": false,
            "scsi_hardware": "virtio-scsi-pci",
            "serial_device": [],
            "smbios": [],
            "started": true,
            "startup": [],
            "stop_on_destroy": false,
            "tablet_device": true,
            "tags": null,
            "template": false,
            "timeout_clone": 3600,
            "timeout_create": 3600,
            "timeout_migrate": 1800,
            "timeout_move_disk": 1800,
            "timeout_reboot": 1800,
            "timeout_shutdown_vm": 1800,
            "timeout_start_vm": 1800,
            "timeout_stop_vm": 300,
            "tpm_state": [],
            "usb": [],
            "vga": [
              {
                "enabled": true,
                "memory": 0,
                "type": "serial0"
              }
            ],
            "vm_id": 206
          },
          "sensitive_attributes": [
            [
              {
                "type": "get_attr",
                "value": "initialization"
              },
              {
                "type": "index",
                "value": {
                  "value": 0,
                  "type": "number"
                }
              },
              {
                "type": "get_attr",
                "value": "user_account"
              },
              {
                "type": "index",
                "value": {
                  "value": 0,
                  "type": "number"
                }
              },
              {
                "type": "get_attr",
                "value": "password"
              }
            ]
          ],
          "identity_schema_version": 0,
          "private": "bnVsbA=="
        }
      ]
    },
    {
      "mode": "managed",
      "type": "proxmox_virtual_environment_vm",
      "name": "step4",
      "provider": "provider[\"registry.terraform.io/bpg/proxmox\"]",
      "instances": [
        {
          "index_key": "207",
          "schema_version": 0,
          "attributes": {
            "acpi": true,
            "agent": [
              {
                "enabled": true,
                "timeout": "15m",
                "trim": false,
                "type": "virtio"
              }
            ],
            "audio_device": [],
            "bios": "seabios",
            "boot_order": null,
            "cdrom": [],
            "clone": [
              {
                "datastore_id": "",
                "full": true,
                "node_name": "",
                "retries": 1,
                "vm_id": 9000
              }
            ],
            "cpu": [
              {
                "architecture": "x86_64",
                "cores": 2,
                "flags": null,
                "hotplugged": 0,
                "limit": 0,
                "numa": false,
                "sockets": 1,
                "type": "qemu64",
                "units": 1024
              }
            ],
            "description": null,
            "disk": [
              {
                "aio": "io_uring",
                "backup": true,
                "cache": "none",
                "datastore_id": "local-lvm",
                "discard": "ignore",
                "file_format": "raw",
                "file_id": "",
                "interface": "scsi0",
                "iothread": false,
                "path_in_datastore": "vm-207-disk-0",
                "replicate": true,
                "size": 20,
                "speed": [],
                "ssd": false
              }
            ],
            "efi_disk": [],
            "hook_script_file_id": null,
            "hostpci": [],
            "id": "207",
            "initialization": [
              {
                "datastore_id": "local-lvm",
                "dns": [],
                "interface": "ide2",
                "ip_config": [
                  {
                    "ipv4": [
                      {
                        "address": "192.168.122.207/24",
                        "gateway": "192.168.122.1"
                      }
                    ],
                    "ipv6": []
                  }
                ],
                "meta_data_file_id": "",
                "network_data_file_id": "",
                "type": "",
                "user_account": [
                  {
                    "keys": [
                      "ssh-rsa AAAAB3NzaC1yc2EAAAADAQABAAACAQCcvcpOY4B7sbqEU1WIyF9OH4CJSsYAeIM+ElKVCZ69THhnJZXs8cQ+T5mDjuLTaX4XCmqOwtZdRcHjq+OqM+Bjc+csX3M2cdzopkrTr4JlVewCo6s6DolfgJrUeJYrlbfQDL2DQHT+fXAeXrBnz13rVRQiZMQMsgouZpbTMCjEyo9hv9Q2mM26OSAw5Y27bYw1WA3NCuNLoQRdhEVZAy1GXAicUALDnssmzc86R/0eqKwctOv4bpOw48tkoM6ZdSSo1a+8c4M96hwbZY8uX3Vc2+DysK9cDAWvsTEoiwYSDlH/G9IUW5HmzNXqVh5hmaj4VxnfYrMwvXdBO3cejiznNE7PXZJrltVc8btOwmjeaQsdvLtrQue4r3TOHXBdbbPgvmpifwvMoQBny7Si/Lzvu6aTrAjeLYa4mAezUk7aY6ezU8M441vmP2sTM2gjdK6/1tXDoWbqfu6filwr8hdou5MI4uB5DFIb4kiwzN2dGNkH/0jhoCjZFUfeAYqs9UL60fYGQqQsmEzvOqDKRK2xEilr0aWRS4sl8gDalIL1TIgPrKevuK6tmTkjnwKsVaHTcLoLTNIjXmlSadpA3/Q3BcqO84ZfiT2j6nubdJZXunPglxNK4JyBaaH4e02G1JjMqOzT1RQlq9RE2CIHGb1h5x/BJwV61UIji9mPwijWDQ== nicoklaus@proxmox"
                    ],
                    "password": "**********",
                    "username": "ubuntu"
                  }
                ],
                "user_data_file_id": "",
                "vendor_data_file_id": ""
              }
            ],
            "ipv4_addresses": [],
            "ipv6_addresses": [],
            "keyboard_layout": "en-us",
            "kvm_arguments": null,
            "mac_addresses": [],
            "machine": null,
            "memory": [
              {
                "dedicated": 2048,
                "floating": 0,
                "shared": 0
              }
            ],
            "migrate": false,
            "name": "database-server",
            "network_device": [
              {
                "bridge": "vmbr0",
                "disconnected": false,
                "enabled": true,
                "firewall": false,
                "mac_address": "BC:24:11:84:AD:D6",
                "model": "virtio",
                "mtu": 0,
                "queues": 0,
                "rate_limit": 0,
                "trunks": "",
                "vlan_id": 0
              }
            ],
            "network_interface_names": [],
            "node_name": "nico",
            "on_boot": true,
            "operating_system": [],
            "pool_id": null,
            "protection": false,
            "reboot": false,
            "scsi_hardware": "virtio-scsi-pci",
            "serial_device": [],
            "smbios": [],
            "started": true,
            "startup": [],
            "stop_on_destroy": false,
            "tablet_device": true,
            "tags": null,
            "template": false,
            "timeout_clone": 3600,
            "timeout_create": 3600,
            "timeout_migrate": 1800,
            "timeout_move_disk": 1800,
            "timeout_reboot": 1800,
            "timeout_shutdown_vm": 1800,
            "timeout_start_vm": 1800,
            "timeout_stop_vm": 300,
            "tpm_state": [],
            "usb": [],
            "vga": [
              {
                "enabled": true,
                "memory": 0,
                "type": "serial0"
              }
            ],
            "vm_id": 207
          },
          "sensitive_attributes": [
            [
              {
                "type": "get_attr",
                "value": "initialization"
              },
              {
                "type": "index",
                "value": {
                  "value": 0,
                  "type": "number"
                }
              },
              {
                "type": "get_attr",
                "value": "user_account"
              },
              {
                "type": "index",
                "value": {
                  "value": 0,
                  "type": "number"
                }
              },
              {
                "type": "get_attr",
                "value": "password"
              }
            ]
          ],
          "identity_schema_version": 0,
          "private": "bnVsbA=="
        },
        {
          "index_key": "208",
          "schema_version": 0,
          "attributes": {
            "acpi": true,
            "agent": [
              {
                "enabled": true,
                "timeout": "15m",
                "trim": false,
                "type": "virtio"
              }
            ],
            "audio_device": [],
            "bios": "seabios",
            "boot_order": null,
            "cdrom": [],
            "clone": [
              {
                "datastore_id": "",
                "full": true,
                "node_name": "",
                "retries": 1,
                "vm_id": 9000
              }
            ],
            "cpu": [
              {
                "architecture": "x86_64",
                "cores": 2,
                "flags": null,
                "hotplugged": 0,
                "limit": 0,
                "numa": false,
                "sockets": 1,
                "type": "qemu64",
                "units": 1024
              }
            ],
            "description": null,
            "disk": [
              {
                "aio": "io_uring",
                "backup": true,
                "cache": "none",
                "datastore_id": "local-lvm",
                "discard": "ignore",
                "file_format": "raw",
                "file_id": "",
                "interface": "scsi0",
                "iothread": false,
                "path_in_datastore": "vm-208-disk-0",
                "replicate": true,
                "size": 20,
                "speed": [],
                "ssd": false
              }
            ],
            "efi_disk": [],
            "hook_script_file_id": null,
            "hostpci": [],
            "id": "208",
            "initialization": [
              {
                "datastore_id": "local-lvm",
                "dns": [],
                "interface": "ide2",
                "ip_config": [
                  {
                    "ipv4": [
                      {
                        "address": "192.168.122.208/24",
                        "gateway": "192.168.122.1"
                      }
                    ],
                    "ipv6": []
                  }
                ],
                "meta_data_file_id": "",
                "network_data_file_id": "",
                "type": "",
                "user_account": [
                  {
                    "keys": [
                      "ssh-rsa AAAAB3NzaC1yc2EAAAADAQABAAACAQCcvcpOY4B7sbqEU1WIyF9OH4CJSsYAeIM+ElKVCZ69THhnJZXs8cQ+T5mDjuLTaX4XCmqOwtZdRcHjq+OqM+Bjc+csX3M2cdzopkrTr4JlVewCo6s6DolfgJrUeJYrlbfQDL2DQHT+fXAeXrBnz13rVRQiZMQMsgouZpbTMCjEyo9hv9Q2mM26OSAw5Y27bYw1WA3NCuNLoQRdhEVZAy1GXAicUALDnssmzc86R/0eqKwctOv4bpOw48tkoM6ZdSSo1a+8c4M96hwbZY8uX3Vc2+DysK9cDAWvsTEoiwYSDlH/G9IUW5HmzNXqVh5hmaj4VxnfYrMwvXdBO3cejiznNE7PXZJrltVc8btOwmjeaQsdvLtrQue4r3TOHXBdbbPgvmpifwvMoQBny7Si/Lzvu6aTrAjeLYa4mAezUk7aY6ezU8M441vmP2sTM2gjdK6/1tXDoWbqfu6filwr8hdou5MI4uB5DFIb4kiwzN2dGNkH/0jhoCjZFUfeAYqs9UL60fYGQqQsmEzvOqDKRK2xEilr0aWRS4sl8gDalIL1TIgPrKevuK6tmTkjnwKsVaHTcLoLTNIjXmlSadpA3/Q3BcqO84ZfiT2j6nubdJZXunPglxNK4JyBaaH4e02G1JjMqOzT1RQlq9RE2CIHGb1h5x/BJwV61UIji9mPwijWDQ== nicoklaus@proxmox"
                    ],
                    "password": "**********",
                    "username": "ubuntu"
                  }
                ],
                "user_data_file_id": "",
                "vendor_data_file_id": ""
              }
            ],
            "ipv4_addresses": [],
            "ipv6_addresses": [],
            "keyboard_layout": "en-us",
            "kvm_arguments": null,
            "mac_addresses": [],
            "machine": null,
            "memory": [
              {
                "dedicated": 2048,
                "floating": 0,
                "shared": 0
              }
            ],
            "migrate": false,
            "name": "cicd-server",
            "network_device": [
              {
                "bridge": "vmbr0",
                "disconnected": false,
                "enabled": true,
                "firewall": false,
                "mac_address": "BC:24:11:80:39:E2",
                "model": "virtio",
                "mtu": 0,
                "queues": 0,
                "rate_limit": 0,
                "trunks": "",
                "vlan_id": 0
              }
            ],
            "network_interface_names": [],
            "node_name": "nico",
            "on_boot": true,
            "operating_system": [],
            "pool_id": null,
            "protection": false,
            "reboot": false,
            "scsi_hardware": "virtio-scsi-pci",
            "serial_device": [],
            "smbios": [],
            "started": true,
            "startup": [],
            "stop_on_destroy": false,
            "tablet_device": true,
            "tags": null,
            "template": false,
            "timeout_clone": 3600,
            "timeout_create": 3600,
            "timeout_migrate": 1800,
            "timeout_move_disk": 1800,
            "timeout_reboot": 1800,
            "timeout_shutdown_vm": 1800,
            "timeout_start_vm": 1800,
            "timeout_stop_vm": 300,
            "tpm_state": [],
            "usb": [],
            "vga": [
              {
                "enabled": true,
                "memory": 0,
                "type": "serial0"
              }
            ],
            "vm_id": 208
          },
          "sensitive_attributes": [
            [
              {
                "type": "get_attr",
                "value": "initialization"
              },
              {
                "type": "index",
                "value": {
                  "value": 0,
                  "type": "number"
                }
              },
              {
                "type": "get_attr",
                "value": "user_account"
              },
              {
                "type": "index",
                "value": {
                  "value": 0,
                  "type": "number"
                }
              },
              {
                "type": "get_attr",
                "value": "password"
              }
            ]
          ],
          "identity_schema_version": 0,
          "private": "bnVsbA=="
        },
        {
          "index_key": "209",
          "schema_version": 0,
          "attributes": {
            "acpi": true,
            "agent": [
              {
                "enabled": true,
                "timeout": "15m",
                "trim": false,
                "type": "virtio"
              }
            ],
            "audio_device": [],
            "bios": "seabios",
            "boot_order": null,
            "cdrom": [],
            "clone": [
              {
                "datastore_id": "",
                "full": true,
                "node_name": "",
                "retries": 1,
                "vm_id": 9000
              }
            ],
            "cpu": [
              {
                "architecture": "x86_64",
                "cores": 2,
                "flags": null,
                "hotplugged": 0,
                "limit": 0,
                "numa": false,
                "sockets": 1,
                "type": "qemu64",
                "units": 1024
              }
            ],
            "description": null,
            "disk": [
              {
                "aio": "io_uring",
                "backup": true,
                "cache": "none",
                "datastore_id": "local-lvm",
                "discard": "ignore",
                "file_format": "raw",
                "file_id": "",
                "interface": "scsi0",
                "iothread": false,
                "path_in_datastore": "vm-209-disk-0",
                "replicate": true,
                "size": 20,
                "speed": [],
                "ssd": false
              }
            ],
            "efi_disk": [],
            "hook_script_file_id": null,
            "hostpci": [],
            "id": "209",
            "initialization": [
              {
                "datastore_id": "local-lvm",
                "dns": [],
                "interface": "ide2",
                "ip_config": [
                  {
                    "ipv4": [
                      {
                        "address": "192.168.122.209/24",
                        "gateway": "192.168.122.1"
                      }
                    ],
                    "ipv6": []
                  }
                ],
                "meta_data_file_id": "",
                "network_data_file_id": "",
                "type": "",
                "user_account": [
                  {
                    "keys": [
                      "ssh-rsa AAAAB3NzaC1yc2EAAAADAQABAAACAQCcvcpOY4B7sbqEU1WIyF9OH4CJSsYAeIM+ElKVCZ69THhnJZXs8cQ+T5mDjuLTaX4XCmqOwtZdRcHjq+OqM+Bjc+csX3M2cdzopkrTr4JlVewCo6s6DolfgJrUeJYrlbfQDL2DQHT+fXAeXrBnz13rVRQiZMQMsgouZpbTMCjEyo9hv9Q2mM26OSAw5Y27bYw1WA3NCuNLoQRdhEVZAy1GXAicUALDnssmzc86R/0eqKwctOv4bpOw48tkoM6ZdSSo1a+8c4M96hwbZY8uX3Vc2+DysK9cDAWvsTEoiwYSDlH/G9IUW5HmzNXqVh5hmaj4VxnfYrMwvXdBO3cejiznNE7PXZJrltVc8btOwmjeaQsdvLtrQue4r3TOHXBdbbPgvmpifwvMoQBny7Si/Lzvu6aTrAjeLYa4mAezUk7aY6ezU8M441vmP2sTM2gjdK6/1tXDoWbqfu6filwr8hdou5MI4uB5DFIb4kiwzN2dGNkH/0jhoCjZFUfeAYqs9UL60fYGQqQsmEzvOqDKRK2xEilr0aWRS4sl8gDalIL1TIgPrKevuK6tmTkjnwKsVaHTcLoLTNIjXmlSadpA3/Q3BcqO84ZfiT2j6nubdJZXunPglxNK4JyBaaH4e02G1JjMqOzT1RQlq9RE2CIHGb1h5x/BJwV61UIji9mPwijWDQ== nicoklaus@proxmox"
                    ],
                    "password": "**********",
                    "username": "ubuntu"
                  }
                ],
                "user_data_file_id": "",
                "vendor_data_file_id": ""
              }
            ],
            "ipv4_addresses": [],
            "ipv6_addresses": [],
            "keyboard_layout": "en-us",
            "kvm_arguments": null,
            "mac_addresses": [],
            "machine": null,
            "memory": [
              {
                "dedicated": 2048,
                "floating": 0,
                "shared": 0
              }
            ],
            "migrate": false,
            "name": "backup-server",
            "network_device": [
              {
                "bridge": "vmbr0",
                "disconnected": false,
                "enabled": true,
                "firewall": false,
                "mac_address": "BC:24:11:44:BA:59",
                "model": "virtio",
                "mtu": 0,
                "queues": 0,
                "rate_limit": 0,
                "trunks": "",
                "vlan_id": 0
              }
            ],
            "network_interface_names": [],
            "node_name": "nico",
            "on_boot": true,
            "operating_system": [],
            "pool_id": null,
            "protection": false,
            "reboot": false,
            "scsi_hardware": "virtio-scsi-pci",
            "serial_device": [],
            "smbios": [],
            "started": true,
            "startup": [],
            "stop_on_destroy": false,
            "tablet_device": true,
            "tags": null,
            "template": false,
            "timeout_clone": 3600,
            "timeout_create": 3600,
            "timeout_migrate": 1800,
            "timeout_move_disk": 1800,
            "timeout_reboot": 1800,
            "timeout_shutdown_vm": 1800,
            "timeout_start_vm": 1800,
            "timeout_stop_vm": 300,
            "tpm_state": [],
            "usb": [],
            "vga": [
              {
                "enabled": true,
                "memory": 0,
                "type": "serial0"
              }
            ],
            "vm_id": 209
          },
          "sensitive_attributes": [
            [
              {
                "type": "get_attr",
                "value": "initialization"
              },
              {
                "type": "index",
                "value": {
                  "value": 0,
                  "type": "number"
                }
              },
              {
                "type": "get_attr",
                "value": "user_account"
              },
              {
                "type": "index",
                "value": {
                  "value": 0,
                  "type": "number"
                }
              },
              {
                "type": "get_attr",
                "value": "password"
              }
            ]
          ],
          "identity_schema_version": 0,
          "private": "bnVsbA=="
        },
        {
          "index_key": "210",
          "schema_version": 0,
          "attributes": {
            "acpi": true,
            "agent": [
              {
                "enabled": true,
                "timeout": "15m",
                "trim": false,
                "type": "virtio"
              }
            ],
            "audio_device": [],
            "bios": "seabios",
            "boot_order": null,
            "cdrom": [],
            "clone": [
              {
                "datastore_id": "",
                "full": true,
                "node_name": "",
                "retries": 1,
                "vm_id": 9000
              }
            ],
            "cpu": [
              {
                "architecture": "x86_64",
                "cores": 2,
                "flags": null,
                "hotplugged": 0,
                "limit": 0,
                "numa": false,
                "sockets": 1,
                "type": "qemu64",
                "units": 1024
              }
            ],
            "description": null,
            "disk": [
              {
                "aio": "io_uring",
                "backup": true,
                "cache": "none",
                "datastore_id": "local-lvm",
                "discard": "ignore",
                "file_format": "raw",
                "file_id": "",
                "interface": "scsi0",
                "iothread": false,
                "path_in_datastore": "vm-210-disk-0",
                "replicate": true,
                "size": 20,
                "speed": [],
                "ssd": false
              }
            ],
            "efi_disk": [],
            "hook_script_file_id": null,
            "hostpci": [],
            "id": "210",
            "initialization": [
              {
                "datastore_id": "local-lvm",
                "dns": [],
                "interface": "ide2",
                "ip_config": [
                  {
                    "ipv4": [
                      {
                        "address": "192.168.122.210/24",
                        "gateway": "192.168.122.1"
                      }
                    ],
                    "ipv6": []
                  }
                ],
                "meta_data_file_id": "",
                "network_data_file_id": "",
                "type": "",
                "user_account": [
                  {
                    "keys": [
                      "ssh-rsa AAAAB3NzaC1yc2EAAAADAQABAAACAQCcvcpOY4B7sbqEU1WIyF9OH4CJSsYAeIM+ElKVCZ69THhnJZXs8cQ+T5mDjuLTaX4XCmqOwtZdRcHjq+OqM+Bjc+csX3M2cdzopkrTr4JlVewCo6s6DolfgJrUeJYrlbfQDL2DQHT+fXAeXrBnz13rVRQiZMQMsgouZpbTMCjEyo9hv9Q2mM26OSAw5Y27bYw1WA3NCuNLoQRdhEVZAy1GXAicUALDnssmzc86R/0eqKwctOv4bpOw48tkoM6ZdSSo1a+8c4M96hwbZY8uX3Vc2+DysK9cDAWvsTEoiwYSDlH/G9IUW5HmzNXqVh5hmaj4VxnfYrMwvXdBO3cejiznNE7PXZJrltVc8btOwmjeaQsdvLtrQue4r3TOHXBdbbPgvmpifwvMoQBny7Si/Lzvu6aTrAjeLYa4mAezUk7aY6ezU8M441vmP2sTM2gjdK6/1tXDoWbqfu6filwr8hdou5MI4uB5DFIb4kiwzN2dGNkH/0jhoCjZFUfeAYqs9UL60fYGQqQsmEzvOqDKRK2xEilr0aWRS4sl8gDalIL1TIgPrKevuK6tmTkjnwKsVaHTcLoLTNIjXmlSadpA3/Q3BcqO84ZfiT2j6nubdJZXunPglxNK4JyBaaH4e02G1JjMqOzT1RQlq9RE2CIHGb1h5x/BJwV61UIji9mPwijWDQ== nicoklaus@proxmox"
                    ],
                    "password": "**********",
                    "username": "ubuntu"
                  }
                ],
                "user_data_file_id": "",
                "vendor_data_file_id": ""
              }
            ],
            "ipv4_addresses": [],
            "ipv6_addresses": [],
            "keyboard_layout": "en-us",
            "kvm_arguments": null,
            "mac_addresses": [],
            "machine": null,
            "memory": [
              {
                "dedicated": 2048,
                "floating": 0,
                "shared": 0
              }
            ],
            "migrate": false,
            "name": "monitoring-server",
            "network_device": [
              {
                "bridge": "vmbr0",
                "disconnected": false,
                "enabled": true,
                "firewall": false,
                "mac_address": "BC:24:11:AD:D8:32",
                "model": "virtio",
                "mtu": 0,
                "queues": 0,
                "rate_limit": 0,
                "trunks": "",
                "vlan_id": 0
              }
            ],
            "network_interface_names": [],
            "node_name": "nico",
            "on_boot": true,
            "operating_system": [],
            "pool_id": null,
            "protection": false,
            "reboot": false,
            "scsi_hardware": "virtio-scsi-pci",
            "serial_device": [],
            "smbios": [],
            "started": true,
            "startup": [],
            "stop_on_destroy": false,
            "tablet_device": true,
            "tags": null,
            "template": false,
            "timeout_clone": 3600,
            "timeout_create": 3600,
            "timeout_migrate": 1800,
            "timeout_move_disk": 1800,
            "timeout_reboot": 1800,
            "timeout_shutdown_vm": 1800,
            "timeout_start_vm": 1800,
            "timeout_stop_vm": 300,
            "tpm_state": [],
            "usb": [],
            "vga": [
              {
                "enabled": true,
                "memory": 0,
                "type": "serial0"
              }
            ],
            "vm_id": 210
          },
          "sensitive_attributes": [
            [
              {
                "type": "get_attr",
                "value": "initialization"
              },
              {
                "type": "index",
                "value": {
                  "value": 0,
                  "type": "number"
                }
              },
              {
                "type": "get_attr",
                "value": "user_account"
              },
              {
                "type": "index",
                "value": {
                  "value": 0,
                  "type": "number"
                }
              },
              {
                "type": "get_attr",
                "value": "password"
              }
            ]
          ],
          "identity_schema_version": 0,
          "private": "bnVsbA=="
        }
      ]
    },
    {
      "mode": "managed",
      "type": "proxmox_virtual_environment_vm",
      "name": "step5",
      "provider": "provider[\"registry.terraform.io/bpg/proxmox\"]",
      "instances": [
        {
          "index_key": "211",
          "schema_version": 0,
          "attributes": {
            "acpi": true,
            "agent": [
              {
                "enabled": true,
                "timeout": "15m",
                "trim": false,
                "type": "virtio"
              }
            ],
            "audio_device": [],
            "bios": "seabios",
            "boot_order": null,
            "cdrom": [],
            "clone": [
              {
                "datastore_id": "",
                "full": true,
                "node_name": "",
                "retries": 1,
                "vm_id": 9000
              }
            ],
            "cpu": [
              {
                "architecture": "x86_64",
                "cores": 2,
                "flags": null,
                "hotplugged": 0,
                "limit": 0,
                "numa": false,
                "sockets": 1,
                "type": "qemu64",
                "units": 1024
              }
            ],
            "description": null,
            "disk": [
              {
                "aio": "io_uring",
                "backup": true,
                "cache": "none",
                "datastore_id": "local-lvm",
                "discard": "ignore",
                "file_format": "raw",
                "file_id": "",
                "interface": "scsi0",
                "iothread": false,
                "path_in_datastore": "vm-211-disk-0",
                "replicate": true,
                "size": 20,
                "speed": [],
                "ssd": false
              }
            ],
            "efi_disk": [],
            "hook_script_file_id": null,
            "hostpci": [],
            "id": "211",
            "initialization": [
              {
                "datastore_id": "local-lvm",
                "dns": [],
                "interface": "ide2",
                "ip_config": [
                  {
                    "ipv4": [
                      {
                        "address": "192.168.122.211/24",
                        "gateway": "192.168.122.1"
                      }
                    ],
                    "ipv6": []
                  }
                ],
                "meta_data_file_id": "",
                "network_data_file_id": "",
                "type": "",
                "user_account": [
                  {
                    "keys": [
                      "ssh-rsa AAAAB3NzaC1yc2EAAAADAQABAAACAQCcvcpOY4B7sbqEU1WIyF9OH4CJSsYAeIM+ElKVCZ69THhnJZXs8cQ+T5mDjuLTaX4XCmqOwtZdRcHjq+OqM+Bjc+csX3M2cdzopkrTr4JlVewCo6s6DolfgJrUeJYrlbfQDL2DQHT+fXAeXrBnz13rVRQiZMQMsgouZpbTMCjEyo9hv9Q2mM26OSAw5Y27bYw1WA3NCuNLoQRdhEVZAy1GXAicUALDnssmzc86R/0eqKwctOv4bpOw48tkoM6ZdSSo1a+8c4M96hwbZY8uX3Vc2+DysK9cDAWvsTEoiwYSDlH/G9IUW5HmzNXqVh5hmaj4VxnfYrMwvXdBO3cejiznNE7PXZJrltVc8btOwmjeaQsdvLtrQue4r3TOHXBdbbPgvmpifwvMoQBny7Si/Lzvu6aTrAjeLYa4mAezUk7aY6ezU8M441vmP2sTM2gjdK6/1tXDoWbqfu6filwr8hdou5MI4uB5DFIb4kiwzN2dGNkH/0jhoCjZFUfeAYqs9UL60fYGQqQsmEzvOqDKRK2xEilr0aWRS4sl8gDalIL1TIgPrKevuK6tmTkjnwKsVaHTcLoLTNIjXmlSadpA3/Q3BcqO84ZfiT2j6nubdJZXunPglxNK4JyBaaH4e02G1JjMqOzT1RQlq9RE2CIHGb1h5x/BJwV61UIji9mPwijWDQ== nicoklaus@proxmox"
                    ],
                    "password": "**********",
                    "username": "ubuntu"
                  }
                ],
                "user_data_file_id": "",
                "vendor_data_file_id": ""
              }
            ],
            "ipv4_addresses": [],
            "ipv6_addresses": [],
            "keyboard_layout": "en-us",
            "kvm_arguments": null,
            "mac_addresses": [],
            "machine": null,
            "memory": [
              {
                "dedicated": 2048,
                "floating": 0,
                "shared": 0
              }
            ],
            "migrate": false,
            "name": "firewall-waf",
            "network_device": [
              {
                "bridge": "vmbr0",
                "disconnected": false,
                "enabled": true,
                "firewall": false,
                "mac_address": "BC:24:11:88:EE:CD",
                "model": "virtio",
                "mtu": 0,
                "queues": 0,
                "rate_limit": 0,
                "trunks": "",
                "vlan_id": 0
              }
            ],
            "network_interface_names": [],
            "node_name": "nico",
            "on_boot": true,
            "operating_system": [],
            "pool_id": null,
            "protection": false,
            "reboot": false,
            "scsi_hardware": "virtio-scsi-pci",
            "serial_device": [],
            "smbios": [],
            "started": true,
            "startup": [],
            "stop_on_destroy": false,
            "tablet_device": true,
            "tags": null,
            "template": false,
            "timeout_clone": 3600,
            "timeout_create": 3600,
            "timeout_migrate": 1800,
            "timeout_move_disk": 1800,
            "timeout_reboot": 1800,
            "timeout_shutdown_vm": 1800,
            "timeout_start_vm": 1800,
            "timeout_stop_vm": 300,
            "tpm_state": [],
            "usb": [],
            "vga": [
              {
                "enabled": true,
                "memory": 0,
                "type": "serial0"
              }
            ],
            "vm_id": 211
          },
          "sensitive_attributes": [
            [
              {
                "type": "get_attr",
                "value": "initialization"
              },
              {
                "type": "index",
                "value": {
                  "value": 0,
                  "type": "number"
                }
              },
              {
                "type": "get_attr",
                "value": "user_account"
              },
              {
                "type": "index",
                "value": {
                  "value": 0,
                  "type": "number"
                }
              },
              {
                "type": "get_attr",
                "value": "password"
              }
            ]
          ],
          "identity_schema_version": 0,
          "private": "bnVsbA=="
        }
      ]
    }
  ],
  "check_results": null
}
